Microsoft Visual Studio Solution File, Format Version 12.00
# Visual Studio 2012
Project("{FAE04EC0-301F-11D3-BF4B-00C04F79EFBC}") = "TestServer", "TestServer.csproj", "{3EAB8E5B-45F4-41E6-B3FA-A20406752AA9}"
EndProject
Global
	GlobalSection(SolutionConfigurationPlatforms) = preSolution
	Debug|Any CPU = Debug|Any CPU
	ExportDebug|Any CPU = ExportDebug|Any CPU
	ExportRelease|Any CPU = ExportRelease|Any CPU
	EndGlobalSection
	GlobalSection(ProjectConfigurationPlatforms) = postSolution
		{3EAB8E5B-45F4-41E6-B3FA-A20406752AA9}.Debug|Any CPU.ActiveCfg = Debug|Any CPU
		{3EAB8E5B-45F4-41E6-B3FA-A20406752AA9}.Debug|Any CPU.Build.0 = Debug|Any CPU
		{3EAB8E5B-45F4-41E6-B3FA-A20406752AA9}.ExportDebug|Any CPU.ActiveCfg = ExportDebug|Any CPU
		{3EAB8E5B-45F4-41E6-B3FA-A20406752AA9}.ExportDebug|Any CPU.Build.0 = ExportDebug|Any CPU
		{3EAB8E5B-45F4-41E6-B3FA-A20406752AA9}.ExportRelease|Any CPU.ActiveCfg = ExportRelease|Any CPU
		{3EAB8E5B-45F4-41E6-B3FA-A20406752AA9}.ExportRelease|Any CPU.Build.0 = ExportRelease|Any CPU
	EndGlobalSection
EndGlobal
